
Microsoft Visual Studio Solution File, Format Version 12.00
# Visual Studio 15
VisualStudioVersion = 15.0.28307.1433
MinimumVisualStudioVersion = 10.0.40219.1
Project("{8BC9CEB8-8B4A-11D0-8D11-00A0C91BC942}") = "test22", "test22\test22.vcxproj", "{1631C2AF-A39D-4F66-B5B1-FC1DF81AF793}"
EndProject
Global
	GlobalSection(SolutionConfigurationPlatforms) = preSolution
		Debug|x64 = Debug|x64
		Debug|x86 = Debug|x86
		Release|x64 = Release|x64
		Release|x86 = Release|x86
	EndGlobalSection
	GlobalSection(ProjectConfigurationPlatforms) = postSolution
		{1631C2AF-A39D-4F66-B5B1-FC1DF81AF793}.Debug|x64.ActiveCfg = Debug|x64
		{1631C2AF-A39D-4F66-B5B1-FC1DF81AF793}.Debug|x64.Build.0 = Debug|x64
		{1631C2AF-A39D-4F66-B5B1-FC1DF81AF793}.Debug|x86.ActiveCfg = Debug|Win32
		{1631C2AF-A39D-4F66-B5B1-FC1DF81AF793}.Debug|x86.Build.0 = Debug|Win32
		{1631C2AF-A39D-4F66-B5B1-FC1DF81AF793}.Release|x64.ActiveCfg = Release|x64
		{1631C2AF-A39D-4F66-B5B1-FC1DF81AF793}.Release|x64.Build.0 = Release|x64
		{1631C2AF-A39D-4F66-B5B1-FC1DF81AF793}.Release|x86.ActiveCfg = Release|Win32
		{1631C2AF-A39D-4F66-B5B1-FC1DF81AF793}.Release|x86.Build.0 = Release|Win32
	EndGlobalSection
	GlobalSection(SolutionProperties) = preSolution
		HideSolutionNode = FALSE
	EndGlobalSection
	GlobalSection(ExtensibilityGlobals) = postSolution
		SolutionGuid = {2A02B7AE-86B5-4D50-B3F8-0A98CDB0A2E0}
	EndGlobalSection
EndGlobal
